
Microsoft Visual Studio Solution File, Format Version 12.00
Project("{FAE04EC0-301F-11D3-BF4B-00C04F79EFBC}") = "BluePrism.Words.ConsoleApp", "src\BluePrism.Words.ConsoleApp\BluePrism.Words.ConsoleApp.csproj", "{1D797BD2-9D00-4951-BA29-5C3B902008ED}"
EndProject
Project("{FAE04EC0-301F-11D3-BF4B-00C04F79EFBC}") = "BluePrism.Words.Domain", "src\BluePrism.Words.Domain\BluePrism.Words.Domain.csproj", "{BF86A9B7-C20B-4E70-A88C-489EC5726F95}"
EndProject
Project("{2150E333-8FDC-42A3-9474-1A3956D46DE8}") = "src", "src", "{C0F1841B-A902-41A7-AE60-BCC3775797CF}"
EndProject
Project("{2150E333-8FDC-42A3-9474-1A3956D46DE8}") = "tests", "tests", "{73256171-E246-4A55-AA6A-AAE6F146565A}"
EndProject
Project("{FAE04EC0-301F-11D3-BF4B-00C04F79EFBC}") = "BluePrism.Words.Infrastructure.Tests.Unit", "tests\BluePrism.Words.Infrastructure.Tests.Unit\BluePrism.Words.Infrastructure.Tests.Unit.csproj", "{29C71DE7-79C1-447D-AB51-3D972CCBA3D4}"
EndProject
Project("{FAE04EC0-301F-11D3-BF4B-00C04F79EFBC}") = "BluePrism.Words.Infrastructure", "src\BluePrism.Words.Infrastructure\BluePrism.Words.Infrastructure.csproj", "{32ABC2A9-8962-44FD-8BC3-FE5003701894}"
EndProject
Global
	GlobalSection(SolutionConfigurationPlatforms) = preSolution
		Debug|Any CPU = Debug|Any CPU
		Release|Any CPU = Release|Any CPU
	EndGlobalSection
	GlobalSection(ProjectConfigurationPlatforms) = postSolution
		{1D797BD2-9D00-4951-BA29-5C3B902008ED}.Debug|Any CPU.ActiveCfg = Debug|Any CPU
		{1D797BD2-9D00-4951-BA29-5C3B902008ED}.Debug|Any CPU.Build.0 = Debug|Any CPU
		{1D797BD2-9D00-4951-BA29-5C3B902008ED}.Release|Any CPU.ActiveCfg = Release|Any CPU
		{1D797BD2-9D00-4951-BA29-5C3B902008ED}.Release|Any CPU.Build.0 = Release|Any CPU
		{BF86A9B7-C20B-4E70-A88C-489EC5726F95}.Debug|Any CPU.ActiveCfg = Debug|Any CPU
		{BF86A9B7-C20B-4E70-A88C-489EC5726F95}.Debug|Any CPU.Build.0 = Debug|Any CPU
		{BF86A9B7-C20B-4E70-A88C-489EC5726F95}.Release|Any CPU.ActiveCfg = Release|Any CPU
		{BF86A9B7-C20B-4E70-A88C-489EC5726F95}.Release|Any CPU.Build.0 = Release|Any CPU
		{29C71DE7-79C1-447D-AB51-3D972CCBA3D4}.Debug|Any CPU.ActiveCfg = Debug|Any CPU
		{29C71DE7-79C1-447D-AB51-3D972CCBA3D4}.Debug|Any CPU.Build.0 = Debug|Any CPU
		{29C71DE7-79C1-447D-AB51-3D972CCBA3D4}.Release|Any CPU.ActiveCfg = Release|Any CPU
		{29C71DE7-79C1-447D-AB51-3D972CCBA3D4}.Release|Any CPU.Build.0 = Release|Any CPU
		{32ABC2A9-8962-44FD-8BC3-FE5003701894}.Debug|Any CPU.ActiveCfg = Debug|Any CPU
		{32ABC2A9-8962-44FD-8BC3-FE5003701894}.Debug|Any CPU.Build.0 = Debug|Any CPU
		{32ABC2A9-8962-44FD-8BC3-FE5003701894}.Release|Any CPU.ActiveCfg = Release|Any CPU
		{32ABC2A9-8962-44FD-8BC3-FE5003701894}.Release|Any CPU.Build.0 = Release|Any CPU
	EndGlobalSection
	GlobalSection(NestedProjects) = preSolution
		{BF86A9B7-C20B-4E70-A88C-489EC5726F95} = {C0F1841B-A902-41A7-AE60-BCC3775797CF}
		{1D797BD2-9D00-4951-BA29-5C3B902008ED} = {C0F1841B-A902-41A7-AE60-BCC3775797CF}
		{29C71DE7-79C1-447D-AB51-3D972CCBA3D4} = {73256171-E246-4A55-AA6A-AAE6F146565A}
		{32ABC2A9-8962-44FD-8BC3-FE5003701894} = {C0F1841B-A902-41A7-AE60-BCC3775797CF}
	EndGlobalSection
EndGlobal
